
Microsoft Visual Studio Solution File, Format Version 12.00
# Visual Studio 15
VisualStudioVersion = 15.0.28010.2019
MinimumVisualStudioVersion = 10.0.40219.1
Project("{FAE04EC0-301F-11D3-BF4B-00C04F79EFBC}") = "multiplicationTable", "multiplicationTable\multiplicationTable.csproj", "{17510187-30BE-418C-86F0-5A9EA690F85E}"
EndProject
Global
	GlobalSection(SolutionConfigurationPlatforms) = preSolution
		Debug|Any CPU = Debug|Any CPU
		Release|Any CPU = Release|Any CPU
	EndGlobalSection
	GlobalSection(ProjectConfigurationPlatforms) = postSolution
		{17510187-30BE-418C-86F0-5A9EA690F85E}.Debug|Any CPU.ActiveCfg = Debug|Any CPU
		{17510187-30BE-418C-86F0-5A9EA690F85E}.Debug|Any CPU.Build.0 = Debug|Any CPU
		{17510187-30BE-418C-86F0-5A9EA690F85E}.Release|Any CPU.ActiveCfg = Release|Any CPU
		{17510187-30BE-418C-86F0-5A9EA690F85E}.Release|Any CPU.Build.0 = Release|Any CPU
	EndGlobalSection
	GlobalSection(SolutionProperties) = preSolution
		HideSolutionNode = FALSE
	EndGlobalSection
	GlobalSection(ExtensibilityGlobals) = postSolution
		SolutionGuid = {1E0BFA23-9DCA-4950-8C98-40CFC3CE2493}
	EndGlobalSection
EndGlobal
